
Microsoft Visual Studio Solution File, Format Version 12.00
# Visual Studio Version 17
VisualStudioVersion = 17.7.34202.233
MinimumVisualStudioVersion = 10.0.40219.1
Project("{FAE04EC0-301F-11D3-BF4B-00C04F79EFBC}") = "stajornek6", "stajornek6.csproj", "{90A439A1-55E1-4931-BCBD-3D3295DE1459}"
EndProject
Global
	GlobalSection(SolutionConfigurationPlatforms) = preSolution
		Debug|Any CPU = Debug|Any CPU
		Release|Any CPU = Release|Any CPU
	EndGlobalSection
	GlobalSection(ProjectConfigurationPlatforms) = postSolution
		{90A439A1-55E1-4931-BCBD-3D3295DE1459}.Debug|Any CPU.ActiveCfg = Debug|Any CPU
		{90A439A1-55E1-4931-BCBD-3D3295DE1459}.Debug|Any CPU.Build.0 = Debug|Any CPU
		{90A439A1-55E1-4931-BCBD-3D3295DE1459}.Release|Any CPU.ActiveCfg = Release|Any CPU
		{90A439A1-55E1-4931-BCBD-3D3295DE1459}.Release|Any CPU.Build.0 = Release|Any CPU
	EndGlobalSection
	GlobalSection(SolutionProperties) = preSolution
		HideSolutionNode = FALSE
	EndGlobalSection
	GlobalSection(ExtensibilityGlobals) = postSolution
		SolutionGuid = {700048E9-1E13-4E6A-89CA-A95832661A72}
	EndGlobalSection
EndGlobal
